// !$*UTF8*$!
{
	archiveVersion = 1;
	classes = {
	};
	objectVersion = 46;
	objects = {

/* Begin PBXBuildFile section */
		15C39CFB1DB85BAD00C8DD94 /* AppDelegate.swift in Sources */ = {isa = PBXBuildFile; fileRef = 15C39CFA1DB85BAD00C8DD94 /* AppDelegate.swift */; };
		15C39CFD1DB85BAD00C8DD94 /* ViewController.swift in Sources */ = {isa = PBXBuildFile; fileRef = 15C39CFC1DB85BAD00C8DD94 /* ViewController.swift */; };
		15C39D001DB85BAD00C8DD94 /* Main.storyboard in Resources */ = {isa = PBXBuildFile; fileRef = 15C39CFE1DB85BAD00C8DD94 /* Main.storyboard */; };
		15C39D031DB85BAD00C8DD94 /* CloudStudy.xcdatamodeld in Sources */ = {isa = PBXBuildFile; fileRef = 15C39D011DB85BAD00C8DD94 /* CloudStudy.xcdatamodeld */; };
		15C39D051DB85BAD00C8DD94 /* Assets.xcassets in Resources */ = {isa = PBXBuildFile; fileRef = 15C39D041DB85BAD00C8DD94 /* Assets.xcassets */; };
		15C39D081DB85BAD00C8DD94 /* LaunchScreen.storyboard in Resources */ = {isa = PBXBuildFile; fileRef = 15C39D061DB85BAD00C8DD94 /* LaunchScreen.storyboard */; };
/* End PBXBuildFile section */

/* Begin PBXFileReference section */
		15C39CF71DB85BAD00C8DD94 /* CloudStudy.app */ = {isa = PBXFileReference; explicitFileType = wrapper.application; includeInIndex = 0; path = CloudStudy.app; sourceTree = BUILT_PRODUCTS_DIR; };
		15C39CFA1DB85BAD00C8DD94 /* AppDelegate.swift */ = {isa = PBXFileReference; lastKnownFileType = sourcecode.swift; path = AppDelegate.swift; sourceTree = "<group>"; };
		15C39CFC1DB85BAD00C8DD94 /* ViewController.swift */ = {isa = PBXFileReference; lastKnownFileType = sourcecode.swift; path = ViewController.swift; sourceTree = "<group>"; };
		15C39CFF1DB85BAD00C8DD94 /* Base */ = {isa = PBXFileReference; lastKnownFileType = file.storyboard; name = Base; path = Base.lproj/Main.storyboard; sourceTree = "<group>"; };
		15C39D021DB85BAD00C8DD94 /* CloudStudy.xcdatamodel */ = {isa = PBXFileReference; lastKnownFileType = wrapper.xcdatamodel; path = CloudStudy.xcdatamodel; sourceTree = "<group>"; };
		15C39D041DB85BAD00C8DD94 /* Assets.xcassets */ = {isa = PBXFileReference; lastKnownFileType = folder.assetcatalog; path = Assets.xcassets; sourceTree = "<group>"; };
		15C39D071DB85BAD00C8DD94 /* Base */ = {isa = PBXFileReference; lastKnownFileType = file.storyboard; name = Base; path = Base.lproj/LaunchScreen.storyboard; sourceTree = "<group>"; };
		15C39D091DB85BAD00C8DD94 /* Info.plist */ = {isa = PBXFileReference; lastKnownFileType = text.plist.xml; path = Info.plist; sourceTree = "<group>"; };
/* End PBXFileReference section */

/* Begin PBXFrameworksBuildPhase section */
		15C39CF41DB85BAD00C8DD94 /* Frameworks */ = {
			isa = PBXFrameworksBuildPhase;
			buildActionMask = 2147483647;
			files = (
			);
			runOnlyForDeploymentPostprocessing = 0;
		};
/* End PBXFrameworksBuildPhase section */

/* Begin PBXGroup section */
		15C39CEE1DB85BAD00C8DD94 = {
			isa = PBXGroup;
			children = (
				15C39CF91DB85BAD00C8DD94 /* CloudStudy */,
				15C39CF81DB85BAD00C8DD94 /* Products */,
			);
			sourceTree = "<group>";
		};
		15C39CF81DB85BAD00C8DD94 /* Products */ = {
			isa = PBXGroup;
			children = (
				15C39CF71DB85BAD00C8DD94 /* CloudStudy.app */,
			);
			name = Products;
			sourceTree = "<group>";
		};
		15C39CF91DB85BAD00C8DD94 /* CloudStudy */ = {
			isa = PBXGroup;
			children = (
				15C39CFA1DB85BAD00C8DD94 /* AppDelegate.swift */,
				15C39CFC1DB85BAD00C8DD94 /* ViewController.swift */,
				15C39CFE1DB85BAD00C8DD94 /* Main.storyboard */,
				15C39D041DB85BAD00C8DD94 /* Assets.xcassets */,
				15C39D061DB85BAD00C8DD94 /* LaunchScreen.storyboard */,
				15C39D091DB85BAD00C8DD94 /* Info.plist */,
				15C39D011DB85BAD00C8DD94 /* CloudStudy.xcdatamodeld */,
			);
			path = CloudStudy;
			sourceTree = "<group>";
		};
/* End PBXGroup section */

/* Begin PBXNativeTarget section */
		15C39CF61DB85BAD00C8DD94 /* CloudStudy */ = {
			isa = PBXNativeTarget;
			buildConfigurationList = 15C39D0C1DB85BAD00C8DD94 /* Build configuration list for PBXNativeTarget "CloudStudy" */;
			buildPhases = (
				15C39CF31DB85BAD00C8DD94 /* Sources */,
				15C39CF41DB85BAD00C8DD94 /* Frameworks */,
				15C39CF51DB85BAD00C8DD94 /* Resources */,
			);
			buildRules = (
			);
			dependencies = (
			);
			name = CloudStudy;
			productName = CloudStudy;
			productReference = 15C39CF71DB85BAD00C8DD94 /* CloudStudy.app */;
			productType = "com.apple.product-type.application";
		};
/* End PBXNativeTarget section */

/* Begin PBXProject section */
		15C39CEF1DB85BAD00C8DD94 /* Project object */ = {
			isa = PBXProject;
			attributes = {
				LastSwiftUpdateCheck = 0800;
				LastUpgradeCheck = 0800;
				ORGANIZATIONNAME = daisy;
				TargetAttributes = {
					15C39CF61DB85BAD00C8DD94 = {
						CreatedOnToolsVersion = 8.0;
						DevelopmentTeam = Y8MK4UJH8L;
						ProvisioningStyle = Automatic;
					};
				};
			};
			buildConfigurationList = 15C39CF21DB85BAD00C8DD94 /* Build configuration list for PBXProject "CloudStudy" */;
			compatibilityVersion = "Xcode 3.2";
			developmentRegion = English;
			hasScannedForEncodings = 0;
			knownRegions = (
				en,
				Base,
			);
			mainGroup = 15C39CEE1DB85BAD00C8DD94;
			productRefGroup = 15C39CF81DB85BAD00C8DD94 /* Products */;
			projectDirPath = "";
			projectRoot = "";
			targets = (
				15C39CF61DB85BAD00C8DD94 /* CloudStudy */,
			);
		};
/* End PBXProject section */

/* Begin PBXResourcesBuildPhase section */
		15C39CF51DB85BAD00C8DD94 /* Resources */ = {
			isa = PBXResourcesBuildPhase;
			buildActionMask = 2147483647;
			files = (
				15C39D081DB85BAD00C8DD94 /* LaunchScreen.storyboard in Resources */,
				15C39D051DB85BAD00C8DD94 /* Assets.xcassets in Resources */,
				15C39D001DB85BAD00C8DD94 /* Main.storyboard in Resources */,
			);
			runOnlyForDeploymentPostprocessing = 0;
		};
/* End PBXResourcesBuildPhase section */

/* Begin PBXSourcesBuildPhase section */
		15C39CF31DB85BAD00C8DD94 /* Sources */ = {
			isa = PBXSourcesBuildPhase;
			buildActionMask = 2147483647;
			files = (
				15C39CFD1DB85BAD00C8DD94 /* ViewController.swift in Sources */,
				15C39D031DB85BAD00C8DD94 /* CloudStudy.xcdatamodeld in Sources */,
				15C39CFB1DB85BAD00C8DD94 /* AppDelegate.swift in Sources */,
			);
			runOnlyForDeploymentPostprocessing = 0;
		};
/* End PBXSourcesBuildPhase section */

/* Begin PBXVariantGroup section */
		15C39CFE1DB85BAD00C8DD94 /* Main.storyboard */ = {
			isa = PBXVariantGroup;
			children = (
				15C39CFF1DB85BAD00C8DD94 /* Base */,
			);
			name = Main.storyboard;
			sourceTree = "<group>";
		};
		15C39D061DB85BAD00C8DD94 /* LaunchScreen.storyboard */ = {
			isa = PBXVariantGroup;
			children = (
				15C39D071DB85BAD00C8DD94 /* Base */,
			);
			name = LaunchScreen.storyboard;
			sourceTree = "<group>";
		};
/* End PBXVariantGroup section */

/* Begin XCBuildConfiguration section */
		15C39D0A1DB85BAD00C8DD94 /* Debug */ = {
			isa = XCBuildConfiguration;
			buildSettings = {
				ALWAYS_SEARCH_USER_PATHS = NO;
				CLANG_ANALYZER_NONNULL = YES;
				CLANG_CXX_LANGUAGE_STANDARD = "gnu++0x";
				CLANG_CXX_LIBRARY = "libc++";
				CLANG_ENABLE_MODULES = YES;
				CLANG_ENABLE_OBJC_ARC = YES;
				CLANG_WARN_BOOL_CONVERSION = YES;
				CLANG_WARN_CONSTANT_CONVERSION = YES;
				CLANG_WARN_DIRECT_OBJC_ISA_USAGE = YES_ERROR;
				CLANG_WARN_DOCUMENTATION_COMMENTS = YES;
				CLANG_WARN_EMPTY_BODY = YES;
				CLANG_WARN_ENUM_CONVERSION = YES;
				CLANG_WARN_INFINITE_RECURSION = YES;
				CLANG_WARN_INT_CONVERSION = YES;
				CLANG_WARN_OBJC_ROOT_CLASS = YES_ERROR;
				CLANG_WARN_SUSPICIOUS_MOVES = YES;
				CLANG_WARN_UNREACHABLE_CODE = YES;
				CLANG_WARN__DUPLICATE_METHOD_MATCH = YES;
				"CODE_SIGN_IDENTITY[sdk=iphoneos*]" = "iPhone Developer";
				COPY_PHASE_STRIP = NO;
				DEBUG_INFORMATION_FORMAT = dwarf;
				ENABLE_STRICT_OBJC_MSGSEND = YES;
				ENABLE_TESTABILITY = YES;
				GCC_C_LANGUAGE_STANDARD = gnu99;
				GCC_DYNAMIC_NO_PIC = NO;
				GCC_NO_COMMON_BLOCKS = YES;
				GCC_OPTIMIZATION_LEVEL = 0;
				GCC_PREPROCESSOR_DEFINITIONS = (
					"DEBUG=1",
					"$(inherited)",
				);
				GCC_WARN_64_TO_32_BIT_CONVERSION = YES;
				GCC_WARN_ABOUT_RETURN_TYPE = YES_ERROR;
				GCC_WARN_UNDECLARED_SELECTOR = YES;
				GCC_WARN_UNINITIALIZED_AUTOS = YES_AGGRESSIVE;
				GCC_WARN_UNUSED_FUNCTION = YES;
				GCC_WARN_UNUSED_VARIABLE = YES;
				IPHONEOS_DEPLOYMENT_TARGET = 10.0;
				MTL_ENABLE_DEBUG_INFO = YES;
				ONLY_ACTIVE_ARCH = YES;
				SDKROOT = iphoneos;
				SWIFT_ACTIVE_COMPILATION_CONDITIONS = DEBUG;
				SWIFT_OPTIMIZATION_LEVEL = "-Onone";
			};
			name = Debug;
		};
		15C39D0B1DB85BAD00C8DD94 /* Release */ = {
			isa = XCBuildConfiguration;
			buildSettings = {
				ALWAYS_SEARCH_USER_PATHS = NO;
				CLANG_ANALYZER_NONNULL = YES;
				CLANG_CXX_LANGUAGE_STANDARD = "gnu++0x";
				CLANG_CXX_LIBRARY = "libc++";
				CLANG_ENABLE_MODULES = YES;
				CLANG_ENABLE_OBJC_ARC = YES;
				CLANG_WARN_BOOL_CONVERSION = YES;
				CLANG_WARN_CONSTANT_CONVERSION = YES;
				CLANG_WARN_DIRECT_OBJC_ISA_USAGE = YES_ERROR;
				CLANG_WARN_DOCUMENTATION_COMMENTS = YES;
				CLANG_WARN_EMPTY_BODY = YES;
				CLANG_WARN_ENUM_CONVERSION = YES;
				CLANG_WARN_INFINITE_RECURSION = YES;
				CLANG_WARN_INT_CONVERSION = YES;
				CLANG_WARN_OBJC_ROOT_CLASS = YES_ERROR;
				CLANG_WARN_SUSPICIOUS_MOVES = YES;
				CLANG_WARN_UNREACHABLE_CODE = YES;
				CLANG_WARN__DUPLICATE_METHOD_MATCH = YES;
				"CODE_SIGN_IDENTITY[sdk=iphoneos*]" = "iPhone Developer";
				COPY_PHASE_STRIP = NO;
				DEBUG_INFORMATION_FORMAT = "dwarf-with-dsym";
				ENABLE_NS_ASSERTIONS = NO;
				ENABLE_STRICT_OBJC_MSGSEND = YES;
				GCC_C_LANGUAGE_STANDARD = gnu99;
				GCC_NO_COMMON_BLOCKS = YES;
				GCC_WARN_64_TO_32_BIT_CONVERSION = YES;
				GCC_WARN_ABOUT_RETURN_TYPE = YES_ERROR;
				GCC_WARN_UNDECLARED_SELECTOR = YES;
				GCC_WARN_UNINITIALIZED_AUTOS = YES_AGGRESSIVE;
				GCC_WARN_UNUSED_FUNCTION = YES;
				GCC_WARN_UNUSED_VARIABLE = YES;
				IPHONEOS_DEPLOYMENT_TARGET = 10.0;
				MTL_ENABLE_DEBUG_INFO = NO;
				SDKROOT = iphoneos;
				SWIFT_OPTIMIZATION_LEVEL = "-Owholemodule";
				VALIDATE_PRODUCT = YES;
			};
			name = Release;
		};
		15C39D0D1DB85BAD00C8DD94 /* Debug */ = {
			isa = XCBuildConfiguration;
			buildSettings = {
				ASSETCATALOG_COMPILER_APPICON_NAME = AppIcon;
				DEVELOPMENT_TEAM = Y8MK4UJH8L;
				INFOPLIST_FILE = CloudStudy/Info.plist;
				LD_RUNPATH_SEARCH_PATHS = "$(inherited) @executable_path/Frameworks";
				PRODUCT_BUNDLE_IDENTIFIER = com.daisy.CloudStudy;
				PRODUCT_NAME = "$(TARGET_NAME)";
				SWIFT_VERSION = 3.0;
			};
			name = Debug;
		};
		15C39D0E1DB85BAD00C8DD94 /* Release */ = {
			isa = XCBuildConfiguration;
			buildSettings = {
				ASSETCATALOG_COMPILER_APPICON_NAME = AppIcon;
				DEVELOPMENT_TEAM = Y8MK4UJH8L;
				INFOPLIST_FILE = CloudStudy/Info.plist;
				LD_RUNPATH_SEARCH_PATHS = "$(inherited) @executable_path/Frameworks";
				PRODUCT_BUNDLE_IDENTIFIER = com.daisy.CloudStudy;
				PRODUCT_NAME = "$(TARGET_NAME)";
				SWIFT_VERSION = 3.0;
			};
			name = Release;
		};
/* End XCBuildConfiguration section */

/* Begin XCConfigurationList section */
		15C39CF21DB85BAD00C8DD94 /* Build configuration list for PBXProject "CloudStudy" */ = {
			isa = XCConfigurationList;
			buildConfigurations = (
				15C39D0A1DB85BAD00C8DD94 /* Debug */,
				15C39D0B1DB85BAD00C8DD94 /* Release */,
			);
			defaultConfigurationIsVisible = 0;
			defaultConfigurationName = Release;
		};
		15C39D0C1DB85BAD00C8DD94 /* Build configuration list for PBXNativeTarget "CloudStudy" */ = {
			isa = XCConfigurationList;
			buildConfigurations = (
				15C39D0D1DB85BAD00C8DD94 /* Debug */,
				15C39D0E1DB85BAD00C8DD94 /* Release */,
			);
			defaultConfigurationIsVisible = 0;
		};
/* End XCConfigurationList section */

/* Begin XCVersionGroup section */
		15C39D011DB85BAD00C8DD94 /* CloudStudy.xcdatamodeld */ = {
			isa = XCVersionGroup;
			children = (
				15C39D021DB85BAD00C8DD94 /* CloudStudy.xcdatamodel */,
			);
			currentVersion = 15C39D021DB85BAD00C8DD94 /* CloudStudy.xcdatamodel */;
			path = CloudStudy.xcdatamodeld;
			sourceTree = "<group>";
			versionGroupType = wrapper.xcdatamodel;
		};
/* End XCVersionGroup section */
	};
	rootObject = 15C39CEF1DB85BAD00C8DD94 /* Project object */;
}
